{
    "requires": true,
    "lockfileVersion": 1,
    "dependencies": {
        "vue": {
            "version": "2.6.4",
            "resolved": "https://registry.npmjs.org/vue/-/vue-2.6.4.tgz",
            "integrity": "sha512-PbR3FWMgCGjRxRjtWURhcTTBSrA/WHvz9g7v6eCcA0GQQZ0a2W6VrbdP0FKxRU62N9iQSHi3+VYLPfZA8W8m+Q==",
            "dev": true
        }
    }
}
